
Microsoft Visual Studio Solution File, Format Version 11.00
# Visual C# Express 2010
Project("{FAE04EC0-301F-11D3-BF4B-00C04F79EFBC}") = "LynnEditor", "LynnEditor\LynnEditor.csproj", "{604AF41B-F737-4226-BF9C-C055EC11DAC6}"
EndProject
Project("{FAE04EC0-301F-11D3-BF4B-00C04F79EFBC}") = "ScintillaNET", "ScintillaNET\ScintillaNET.csproj", "{F9B6DABD-BBC1-4638-8CE6-A5C9506BFDCB}"
EndProject
Project("{FAE04EC0-301F-11D3-BF4B-00C04F79EFBC}") = "WinFormsUI", "DockPanel_Src\WinFormsUI\WinFormsUI.csproj", "{D3C782BA-178E-4235-A3BA-8C11DEBB6BEE}"
EndProject
Global
	GlobalSection(SolutionConfigurationPlatforms) = preSolution
		Debug|Any CPU = Debug|Any CPU
		Debug|Mixed Platforms = Debug|Mixed Platforms
		Debug|x86 = Debug|x86
		Release|Any CPU = Release|Any CPU
		Release|Mixed Platforms = Release|Mixed Platforms
		Release|x86 = Release|x86
	EndGlobalSection
	GlobalSection(ProjectConfigurationPlatforms) = postSolution
		{604AF41B-F737-4226-BF9C-C055EC11DAC6}.Debug|Any CPU.ActiveCfg = Debug|x86
		{604AF41B-F737-4226-BF9C-C055EC11DAC6}.Debug|Mixed Platforms.ActiveCfg = Debug|x86
		{604AF41B-F737-4226-BF9C-C055EC11DAC6}.Debug|Mixed Platforms.Build.0 = Debug|x86
		{604AF41B-F737-4226-BF9C-C055EC11DAC6}.Debug|x86.ActiveCfg = Debug|x86
		{604AF41B-F737-4226-BF9C-C055EC11DAC6}.Debug|x86.Build.0 = Debug|x86
		{604AF41B-F737-4226-BF9C-C055EC11DAC6}.Release|Any CPU.ActiveCfg = Release|x86
		{604AF41B-F737-4226-BF9C-C055EC11DAC6}.Release|Mixed Platforms.ActiveCfg = Release|x86
		{604AF41B-F737-4226-BF9C-C055EC11DAC6}.Release|Mixed Platforms.Build.0 = Release|x86
		{604AF41B-F737-4226-BF9C-C055EC11DAC6}.Release|x86.ActiveCfg = Release|x86
		{604AF41B-F737-4226-BF9C-C055EC11DAC6}.Release|x86.Build.0 = Release|x86
		{F9B6DABD-BBC1-4638-8CE6-A5C9506BFDCB}.Debug|Any CPU.ActiveCfg = Debug|Any CPU
		{F9B6DABD-BBC1-4638-8CE6-A5C9506BFDCB}.Debug|Any CPU.Build.0 = Debug|Any CPU
		{F9B6DABD-BBC1-4638-8CE6-A5C9506BFDCB}.Debug|Mixed Platforms.ActiveCfg = Debug|Any CPU
		{F9B6DABD-BBC1-4638-8CE6-A5C9506BFDCB}.Debug|Mixed Platforms.Build.0 = Debug|Any CPU
		{F9B6DABD-BBC1-4638-8CE6-A5C9506BFDCB}.Debug|x86.ActiveCfg = Debug|Any CPU
		{F9B6DABD-BBC1-4638-8CE6-A5C9506BFDCB}.Release|Any CPU.ActiveCfg = Release|Any CPU
		{F9B6DABD-BBC1-4638-8CE6-A5C9506BFDCB}.Release|Any CPU.Build.0 = Release|Any CPU
		{F9B6DABD-BBC1-4638-8CE6-A5C9506BFDCB}.Release|Mixed Platforms.ActiveCfg = Release|Any CPU
		{F9B6DABD-BBC1-4638-8CE6-A5C9506BFDCB}.Release|Mixed Platforms.Build.0 = Release|Any CPU
		{F9B6DABD-BBC1-4638-8CE6-A5C9506BFDCB}.Release|x86.ActiveCfg = Release|Any CPU
		{D3C782BA-178E-4235-A3BA-8C11DEBB6BEE}.Debug|Any CPU.ActiveCfg = Debug|Any CPU
		{D3C782BA-178E-4235-A3BA-8C11DEBB6BEE}.Debug|Any CPU.Build.0 = Debug|Any CPU
		{D3C782BA-178E-4235-A3BA-8C11DEBB6BEE}.Debug|Mixed Platforms.ActiveCfg = Debug|Any CPU
		{D3C782BA-178E-4235-A3BA-8C11DEBB6BEE}.Debug|Mixed Platforms.Build.0 = Debug|Any CPU
		{D3C782BA-178E-4235-A3BA-8C11DEBB6BEE}.Debug|x86.ActiveCfg = Debug|Any CPU
		{D3C782BA-178E-4235-A3BA-8C11DEBB6BEE}.Release|Any CPU.ActiveCfg = Release|Any CPU
		{D3C782BA-178E-4235-A3BA-8C11DEBB6BEE}.Release|Any CPU.Build.0 = Release|Any CPU
		{D3C782BA-178E-4235-A3BA-8C11DEBB6BEE}.Release|Mixed Platforms.ActiveCfg = Release|Any CPU
		{D3C782BA-178E-4235-A3BA-8C11DEBB6BEE}.Release|Mixed Platforms.Build.0 = Release|Any CPU
		{D3C782BA-178E-4235-A3BA-8C11DEBB6BEE}.Release|x86.ActiveCfg = Release|Any CPU
	EndGlobalSection
	GlobalSection(SolutionProperties) = preSolution
		HideSolutionNode = FALSE
	EndGlobalSection
EndGlobal
