
Microsoft Visual Studio Solution File, Format Version 10.00
# Visual Studio 2008
Project("{FAE04EC0-301F-11D3-BF4B-00C04F79EFBC}") = "WinFormsUI", "DockPanel_Src\WinFormsUI\WinFormsUI.csproj", "{D3C782BA-178E-4235-A3BA-8C11DEBB6BEE}"
EndProject
Project("{FAE04EC0-301F-11D3-BF4B-00C04F79EFBC}") = "ScintillaNET", "ScintillaNET\ScintillaNET.csproj", "{F9B6DABD-BBC1-4638-8CE6-A5C9506BFDCB}"
EndProject
Project("{FAE04EC0-301F-11D3-BF4B-00C04F79EFBC}") = "LynnEditor", "LynnEditor\LynnEditor.csproj", "{36CE77D0-D0E1-412B-AAD4-5AA95A9DABD0}"
EndProject
Global
	GlobalSection(SolutionConfigurationPlatforms) = preSolution
		Debug|Any CPU = Debug|Any CPU
		Release|Any CPU = Release|Any CPU
	EndGlobalSection
	GlobalSection(ProjectConfigurationPlatforms) = postSolution
		{D3C782BA-178E-4235-A3BA-8C11DEBB6BEE}.Debug|Any CPU.ActiveCfg = Debug|Any CPU
		{D3C782BA-178E-4235-A3BA-8C11DEBB6BEE}.Debug|Any CPU.Build.0 = Debug|Any CPU
		{D3C782BA-178E-4235-A3BA-8C11DEBB6BEE}.Release|Any CPU.ActiveCfg = Release|Any CPU
		{D3C782BA-178E-4235-A3BA-8C11DEBB6BEE}.Release|Any CPU.Build.0 = Release|Any CPU
		{F9B6DABD-BBC1-4638-8CE6-A5C9506BFDCB}.Debug|Any CPU.ActiveCfg = Debug|Any CPU
		{F9B6DABD-BBC1-4638-8CE6-A5C9506BFDCB}.Debug|Any CPU.Build.0 = Debug|Any CPU
		{F9B6DABD-BBC1-4638-8CE6-A5C9506BFDCB}.Release|Any CPU.ActiveCfg = Release|Any CPU
		{F9B6DABD-BBC1-4638-8CE6-A5C9506BFDCB}.Release|Any CPU.Build.0 = Release|Any CPU
		{36CE77D0-D0E1-412B-AAD4-5AA95A9DABD0}.Debug|Any CPU.ActiveCfg = Debug|Any CPU
		{36CE77D0-D0E1-412B-AAD4-5AA95A9DABD0}.Debug|Any CPU.Build.0 = Debug|Any CPU
		{36CE77D0-D0E1-412B-AAD4-5AA95A9DABD0}.Release|Any CPU.ActiveCfg = Release|Any CPU
		{36CE77D0-D0E1-412B-AAD4-5AA95A9DABD0}.Release|Any CPU.Build.0 = Release|Any CPU
	EndGlobalSection
	GlobalSection(SolutionProperties) = preSolution
		HideSolutionNode = FALSE
	EndGlobalSection
EndGlobal
