
Microsoft Visual Studio Solution File, Format Version 12.00
# Visual Studio 11
Project("{8BC9CEB8-8B4A-11D0-8D11-00A0C91BC942}") = "GamePlayer", "GamePlayer\GamePlayer.vcxproj", "{9DBEF2E9-9FAD-6AE0-27C7-61BDA402390B}"
EndProject
Global
	GlobalSection(SolutionConfigurationPlatforms) = preSolution
		Debug|Win32 = Debug|Win32
		Release|Win32 = Release|Win32
	EndGlobalSection
	GlobalSection(ProjectConfigurationPlatforms) = postSolution
		{9DBEF2E9-9FAD-6AE0-27C7-61BDA402390B}.Debug|Win32.ActiveCfg = Debug|Win32
		{9DBEF2E9-9FAD-6AE0-27C7-61BDA402390B}.Debug|Win32.Build.0 = Debug|Win32
		{9DBEF2E9-9FAD-6AE0-27C7-61BDA402390B}.Release|Win32.ActiveCfg = Release|Win32
		{9DBEF2E9-9FAD-6AE0-27C7-61BDA402390B}.Release|Win32.Build.0 = Release|Win32
	EndGlobalSection
	GlobalSection(SolutionProperties) = preSolution
		HideSolutionNode = FALSE
	EndGlobalSection
EndGlobal
